
Microsoft Visual Studio Solution File, Format Version 12.00
# Visual Studio Version 17
VisualStudioVersion = 17.10.35013.160
MinimumVisualStudioVersion = 10.0.40219.1
Project("{FAE04EC0-301F-11D3-BF4B-00C04F79EFBC}") = "topic one the basics", "topic one the basics\topic one the basics.csproj", "{DBAF8F8B-63A1-43A9-A880-53C73E12E63B}"
EndProject
Global
	GlobalSection(SolutionConfigurationPlatforms) = preSolution
		Debug|Any CPU = Debug|Any CPU
		Release|Any CPU = Release|Any CPU
	EndGlobalSection
	GlobalSection(ProjectConfigurationPlatforms) = postSolution
		{DBAF8F8B-63A1-43A9-A880-53C73E12E63B}.Debug|Any CPU.ActiveCfg = Debug|Any CPU
		{DBAF8F8B-63A1-43A9-A880-53C73E12E63B}.Debug|Any CPU.Build.0 = Debug|Any CPU
		{DBAF8F8B-63A1-43A9-A880-53C73E12E63B}.Release|Any CPU.ActiveCfg = Release|Any CPU
		{DBAF8F8B-63A1-43A9-A880-53C73E12E63B}.Release|Any CPU.Build.0 = Release|Any CPU
	EndGlobalSection
	GlobalSection(SolutionProperties) = preSolution
		HideSolutionNode = FALSE
	EndGlobalSection
	GlobalSection(ExtensibilityGlobals) = postSolution
		SolutionGuid = {7FAC0D0E-6E04-4D4C-930C-AFC05B0B4680}
	EndGlobalSection
EndGlobal
